
Microsoft Visual Studio Solution File, Format Version 12.00
# Visual Studio Version 17
VisualStudioVersion = 17.14.36408.4 d17.14
MinimumVisualStudioVersion = 10.0.40219.1
Project("{FAE04EC0-301F-11D3-BF4B-00C04F79EFBC}") = "helloworld", "helloworld\helloworld.csproj", "{7D54B5F6-D221-4A2E-AC54-AFCA0FFBC5DA}"
EndProject
Global
	GlobalSection(SolutionConfigurationPlatforms) = preSolution
		Debug|Any CPU = Debug|Any CPU
		Release|Any CPU = Release|Any CPU
	EndGlobalSection
	GlobalSection(ProjectConfigurationPlatforms) = postSolution
		{7D54B5F6-D221-4A2E-AC54-AFCA0FFBC5DA}.Debug|Any CPU.ActiveCfg = Debug|Any CPU
		{7D54B5F6-D221-4A2E-AC54-AFCA0FFBC5DA}.Debug|Any CPU.Build.0 = Debug|Any CPU
		{7D54B5F6-D221-4A2E-AC54-AFCA0FFBC5DA}.Release|Any CPU.ActiveCfg = Release|Any CPU
		{7D54B5F6-D221-4A2E-AC54-AFCA0FFBC5DA}.Release|Any CPU.Build.0 = Release|Any CPU
	EndGlobalSection
	GlobalSection(SolutionProperties) = preSolution
		HideSolutionNode = FALSE
	EndGlobalSection
	GlobalSection(ExtensibilityGlobals) = postSolution
		SolutionGuid = {360E5F36-4875-47E6-99A3-9DFBB642DFD2}
	EndGlobalSection
EndGlobal
